{
  "R": {
    "Version": "4.5.2",
    "Repositories": [
      {
        "Name": "CRAN",
        "URL": "https://cloud.r-project.org"
      }
    ]
  },
  "Packages": {
    "BayesFactor": {
      "Package": "BayesFactor",
      "Version": "0.9.12-4.7",
      "Source": "Repository",
      "Requirements": [
        "coda",
        "graphics",
        "hypergeo",
        "Matrix",
        "MatrixModels",
        "methods",
        "mvtnorm",
        "pbapply",
        "R",
        "Rcpp",
        "RcppEigen",
        "stringr",
        "utils"
      ]
    },
    "Deriv": {
      "Package": "Deriv",
      "Version": "4.2.0",
      "Source": "Repository",
      "Requirements": [
        "methods"
      ]
    },
    "Formula": {
      "Package": "Formula",
      "Version": "1.2-5",
      "Source": "Repository",
      "Requirements": [
        "R",
        "stats"
      ]
    },
    "MASS": {
      "Package": "MASS",
      "Version": "7.3-65",
      "Source": "Repository",
      "Requirements": [
        "methods",
        "R",
        "grDevices",
        "graphics",
        "stats",
        "utils"
      ]
    },
    "Matrix": {
      "Package": "Matrix",
      "Version": "1.7-4",
      "Source": "Repository",
      "Requirements": [
        "grDevices",
        "graphics",
        "grid",
        "lattice",
        "stats",
        "utils",
        "R",
        "methods"
      ]
    },
    "MatrixModels": {
      "Package": "MatrixModels",
      "Version": "0.5-4",
      "Source": "Repository",
      "Requirements": [
        "Matrix",
        "methods",
        "R",
        "stats"
      ]
    },
    "R6": {
      "Package": "R6",
      "Version": "2.6.1",
      "Source": "Repository",
      "Requirements": [
        "R"
      ]
    },
    "RColorBrewer": {
      "Package": "RColorBrewer",
      "Version": "1.1-3",
      "Source": "Repository",
      "Requirements": [
        "R"
      ]
    },
    "Rcpp": {
      "Package": "Rcpp",
      "Version": "1.1.0",
      "Source": "Repository",
      "Requirements": [
        "methods",
        "utils"
      ]
    },
    "RcppArmadillo": {
      "Package": "RcppArmadillo",
      "Version": "15.2.2-1",
      "Source": "Repository",
      "Requirements": [
        "methods",
        "R",
        "Rcpp",
        "stats",
        "utils"
      ]
    },
    "RcppEigen": {
      "Package": "RcppEigen",
      "Version": "0.3.4.0.2",
      "Source": "Repository",
      "Requirements": [
        "R",
        "Rcpp",
        "stats",
        "utils"
      ]
    },
    "Rdpack": {
      "Package": "Rdpack",
      "Version": "2.6.4",
      "Source": "Repository",
      "Requirements": [
        "methods",
        "R",
        "rbibutils",
        "tools",
        "utils"
      ]
    },
    "S7": {
      "Package": "S7",
      "Version": "0.2.1",
      "Source": "Repository",
      "Requirements": [
        "R",
        "utils"
      ]
    },
    "SparseM": {
      "Package": "SparseM",
      "Version": "1.84-2",
      "Source": "Repository",
      "Requirements": [
        "graphics",
        "methods",
        "R",
        "stats",
        "utils"
      ]
    },
    "TTR": {
      "Package": "TTR",
      "Version": "0.24.4",
      "Source": "Repository",
      "Requirements": [
        "curl",
        "xts",
        "zoo"
      ]
    },
    "abind": {
      "Package": "abind",
      "Version": "1.4-8",
      "Source": "Repository",
      "Requirements": [
        "methods",
        "R",
        "utils"
      ]
    },
    "askpass": {
      "Package": "askpass",
      "Version": "1.2.1",
      "Source": "Repository",
      "Requirements": [
        "sys"
      ]
    },
    "backports": {
      "Package": "backports",
      "Version": "1.5.0",
      "Source": "Repository",
      "Requirements": [
        "R"
      ]
    },
    "base64enc": {
      "Package": "base64enc",
      "Version": "0.1-3",
      "Source": "Repository",
      "Requirements": [
        "R"
      ]
    },
    "boot": {
      "Package": "boot",
      "Version": "1.3-32",
      "Source": "Repository",
      "Requirements": [
        "R",
        "graphics",
        "stats"
      ]
    },
    "broom": {
      "Package": "broom",
      "Version": "1.0.11",
      "Source": "Repository",
      "Requirements": [
        "backports",
        "cli",
        "dplyr",
        "generics",
        "glue",
        "lifecycle",
        "purrr",
        "R",
        "rlang",
        "stringr",
        "tibble",
        "tidyr"
      ]
    },
    "callr": {
      "Package": "callr",
      "Version": "3.7.6",
      "Source": "Repository",
      "Requirements": [
        "processx",
        "R",
        "R6",
        "utils"
      ]
    },
    "car": {
      "Package": "car",
      "Version": "3.1-3",
      "Source": "Repository",
      "Requirements": [
        "abind",
        "carData",
        "Formula",
        "graphics",
        "grDevices",
        "lme4",
        "MASS",
        "mgcv",
        "nlme",
        "nnet",
        "pbkrtest",
        "quantreg",
        "R",
        "scales",
        "stats",
        "utils"
      ]
    },
    "carData": {
      "Package": "carData",
      "Version": "3.0-5",
      "Source": "Repository",
      "Requirements": [
        "R"
      ]
    },
    "cli": {
      "Package": "cli",
      "Version": "3.6.5",
      "Source": "Repository",
      "Requirements": [
        "R",
        "utils"
      ]
    },
    "coda": {
      "Package": "coda",
      "Version": "0.19-4.1",
      "Source": "Repository",
      "Requirements": [
        "lattice",
        "R"
      ]
    },
    "codetools": {
      "Package": "codetools",
      "Version": "0.2-20",
      "Source": "Repository",
      "Requirements": [
        "R"
      ]
    },
    "colorspace": {
      "Package": "colorspace",
      "Version": "2.1-2",
      "Source": "Repository",
      "Requirements": [
        "graphics",
        "grDevices",
        "methods",
        "R",
        "stats"
      ]
    },
    "contfrac": {
      "Package": "contfrac",
      "Version": "1.1-12",
      "Source": "Repository",
      "Requirements": []
    },
    "cowplot": {
      "Package": "cowplot",
      "Version": "1.2.0",
      "Source": "Repository",
      "Requirements": [
        "ggplot2",
        "grDevices",
        "grid",
        "gtable",
        "methods",
        "R",
        "rlang",
        "scales"
      ]
    },
    "cpp11": {
      "Package": "cpp11",
      "Version": "0.5.2",
      "Source": "Repository",
      "Requirements": [
        "R"
      ]
    },
    "curl": {
      "Package": "curl",
      "Version": "7.0.0",
      "Source": "Repository",
      "Requirements": [
        "R"
      ]
    },
    "deSolve": {
      "Package": "deSolve",
      "Version": "1.40",
      "Source": "Repository",
      "Requirements": [
        "graphics",
        "grDevices",
        "methods",
        "R",
        "stats"
      ]
    },
    "desc": {
      "Package": "desc",
      "Version": "1.4.3",
      "Source": "Repository",
      "Requirements": [
        "cli",
        "R",
        "R6",
        "utils"
      ]
    },
    "digest": {
      "Package": "digest",
      "Version": "0.6.39",
      "Source": "Repository",
      "Requirements": [
        "R",
        "utils"
      ]
    },
    "doBy": {
      "Package": "doBy",
      "Version": "4.7.1",
      "Source": "Repository",
      "Requirements": [
        "boot",
        "broom",
        "cowplot",
        "Deriv",
        "dplyr",
        "forecast",
        "ggplot2",
        "MASS",
        "Matrix",
        "methods",
        "microbenchmark",
        "modelr",
        "purrr",
        "R",
        "rlang",
        "tibble",
        "tidyr"
      ]
    },
    "dplyr": {
      "Package": "dplyr",
      "Version": "1.1.4",
      "Source": "Repository",
      "Requirements": [
        "cli",
        "generics",
        "glue",
        "lifecycle",
        "magrittr",
        "methods",
        "pillar",
        "R",
        "R6",
        "rlang",
        "tibble",
        "tidyselect",
        "utils",
        "vctrs"
      ]
    },
    "elliptic": {
      "Package": "elliptic",
      "Version": "1.5-1",
      "Source": "Repository",
      "Requirements": [
        "MASS",
        "R"
      ]
    },
    "farver": {
      "Package": "farver",
      "Version": "2.1.2",
      "Source": "Repository",
      "Requirements": []
    },
    "fastmap": {
      "Package": "fastmap",
      "Version": "1.2.0",
      "Source": "Repository",
      "Requirements": []
    },
    "fontBitstreamVera": {
      "Package": "fontBitstreamVera",
      "Version": "0.1.1",
      "Source": "Repository",
      "Requirements": [
        "R"
      ]
    },
    "fontLiberation": {
      "Package": "fontLiberation",
      "Version": "0.1.0",
      "Source": "Repository",
      "Requirements": [
        "R"
      ]
    },
    "fontquiver": {
      "Package": "fontquiver",
      "Version": "0.2.1",
      "Source": "Repository",
      "Requirements": [
        "fontBitstreamVera",
        "fontLiberation",
        "R"
      ]
    },
    "forecast": {
      "Package": "forecast",
      "Version": "8.24.0",
      "Source": "Repository",
      "Requirements": [
        "colorspace",
        "fracdiff",
        "generics",
        "ggplot2",
        "graphics",
        "lmtest",
        "magrittr",
        "nnet",
        "parallel",
        "R",
        "Rcpp",
        "RcppArmadillo",
        "stats",
        "timeDate",
        "tseries",
        "urca",
        "withr",
        "zoo"
      ]
    },
    "fracdiff": {
      "Package": "fracdiff",
      "Version": "1.5-3",
      "Source": "Repository",
      "Requirements": [
        "stats"
      ]
    },
    "gdtools": {
      "Package": "gdtools",
      "Version": "0.4.4",
      "Source": "Repository",
      "Requirements": [
        "fontquiver",
        "htmltools",
        "R",
        "Rcpp",
        "systemfonts",
        "tools"
      ]
    },
    "generics": {
      "Package": "generics",
      "Version": "0.1.4",
      "Source": "Repository",
      "Requirements": [
        "methods",
        "R"
      ]
    },
    "ggplot2": {
      "Package": "ggplot2",
      "Version": "4.0.1",
      "Source": "Repository",
      "Requirements": [
        "cli",
        "grDevices",
        "grid",
        "gtable",
        "isoband",
        "lifecycle",
        "R",
        "rlang",
        "S7",
        "scales",
        "stats",
        "vctrs",
        "withr"
      ]
    },
    "glue": {
      "Package": "glue",
      "Version": "1.8.0",
      "Source": "Repository",
      "Requirements": [
        "methods",
        "R"
      ]
    },
    "gridExtra": {
      "Package": "gridExtra",
      "Version": "2.3",
      "Source": "Repository",
      "Requirements": [
        "graphics",
        "grDevices",
        "grid",
        "gtable",
        "utils"
      ]
    },
    "gridGraphics": {
      "Package": "gridGraphics",
      "Version": "0.5-1",
      "Source": "Repository",
      "Requirements": [
        "graphics",
        "grDevices",
        "grid"
      ]
    },
    "gtable": {
      "Package": "gtable",
      "Version": "0.3.6",
      "Source": "Repository",
      "Requirements": [
        "cli",
        "glue",
        "grid",
        "lifecycle",
        "R",
        "rlang",
        "stats"
      ]
    },
    "htmltools": {
      "Package": "htmltools",
      "Version": "0.5.9",
      "Source": "Repository",
      "Requirements": [
        "base64enc",
        "digest",
        "fastmap",
        "grDevices",
        "R",
        "rlang",
        "utils"
      ]
    },
    "hypergeo": {
      "Package": "hypergeo",
      "Version": "1.2-14",
      "Source": "Repository",
      "Requirements": [
        "contfrac",
        "deSolve",
        "elliptic",
        "R"
      ]
    },
    "isoband": {
      "Package": "isoband",
      "Version": "0.3.0",
      "Source": "Repository",
      "Requirements": [
        "cli",
        "cpp11",
        "grid",
        "rlang",
        "utils"
      ]
    },
    "jaspBase": {
      "Package": "jaspBase",
      "Version": "0.20.4",
      "Source": "GitHub",
      "Requirements": [
        "cli",
        "codetools",
        "ggplot2",
        "gridExtra",
        "gridGraphics",
        "jaspGraphs",
        "jsonlite",
        "lifecycle",
        "officer",
        "pkgbuild",
        "plyr",
        "ragg",
        "R6",
        "Rcpp",
        "rvg",
        "svglite",
        "systemfonts",
        "withr",
        "testthat"
      ],
      "RemoteType": "github",
      "RemoteHost": "api.github.com",
      "RemoteUsername": "jasp-stats",
      "RemoteRepo": "jaspBase",
      "RemoteSha": "3c801bacc9d5a3dcadf5c318e23a82779514a96d"
    },
    "jaspGraphs": {
      "Package": "jaspGraphs",
      "Version": "0.20.0",
      "Source": "GitHub",
      "Requirements": [
        "testthat",
        "cli",
        "ggplot2",
        "gridExtra",
        "gtable",
        "jsonlite",
        "lifecycle",
        "R6",
        "rlang",
        "scales"
      ],
      "RemoteType": "github",
      "RemoteHost": "api.github.com",
      "RemoteUsername": "jasp-stats",
      "RemoteRepo": "jaspGraphs",
      "RemoteSha": "080034c03ac079057a82317d8575c81339133ec6"
    },
    "jsonlite": {
      "Package": "jsonlite",
      "Version": "2.0.0",
      "Source": "Repository",
      "Requirements": [
        "methods"
      ]
    },
    "labeling": {
      "Package": "labeling",
      "Version": "0.4.3",
      "Source": "Repository",
      "Requirements": [
        "graphics",
        "stats"
      ]
    },
    "lattice": {
      "Package": "lattice",
      "Version": "0.22-7",
      "Source": "Repository",
      "Requirements": [
        "grid",
        "grDevices",
        "graphics",
        "stats",
        "utils",
        "R"
      ]
    },
    "lifecycle": {
      "Package": "lifecycle",
      "Version": "1.0.4",
      "Source": "Repository",
      "Requirements": [
        "cli",
        "glue",
        "R",
        "rlang"
      ]
    },
    "lme4": {
      "Package": "lme4",
      "Version": "1.1-38",
      "Source": "Repository",
      "Requirements": [
        "boot",
        "graphics",
        "grid",
        "lattice",
        "MASS",
        "Matrix",
        "methods",
        "minqa",
        "nlme",
        "nloptr",
        "parallel",
        "R",
        "Rcpp",
        "RcppEigen",
        "Rdpack",
        "reformulas",
        "rlang",
        "splines",
        "stats",
        "utils"
      ]
    },
    "lmtest": {
      "Package": "lmtest",
      "Version": "0.9-40",
      "Source": "Repository",
      "Requirements": [
        "graphics",
        "R",
        "stats",
        "zoo"
      ]
    },
    "logspline": {
      "Package": "logspline",
      "Version": "2.1.22",
      "Source": "Repository",
      "Requirements": [
        "graphics",
        "stats"
      ]
    },
    "magrittr": {
      "Package": "magrittr",
      "Version": "2.0.4",
      "Source": "Repository",
      "Requirements": [
        "R"
      ]
    },
    "mgcv": {
      "Package": "mgcv",
      "Version": "1.9-3",
      "Source": "Repository",
      "Requirements": [
        "methods",
        "stats",
        "graphics",
        "Matrix",
        "splines",
        "utils",
        "R",
        "nlme"
      ]
    },
    "microbenchmark": {
      "Package": "microbenchmark",
      "Version": "1.5.0",
      "Source": "Repository",
      "Requirements": [
        "graphics",
        "R",
        "stats"
      ]
    },
    "minqa": {
      "Package": "minqa",
      "Version": "1.2.8",
      "Source": "Repository",
      "Requirements": [
        "Rcpp"
      ]
    },
    "modelr": {
      "Package": "modelr",
      "Version": "0.1.11",
      "Source": "Repository",
      "Requirements": [
        "broom",
        "magrittr",
        "purrr",
        "R",
        "rlang",
        "tibble",
        "tidyr",
        "tidyselect",
        "vctrs"
      ]
    },
    "mvtnorm": {
      "Package": "mvtnorm",
      "Version": "1.3-3",
      "Source": "Repository",
      "Requirements": [
        "R",
        "stats"
      ]
    },
    "nlme": {
      "Package": "nlme",
      "Version": "3.1-168",
      "Source": "Repository",
      "Requirements": [
        "graphics",
        "stats",
        "utils",
        "lattice",
        "R"
      ]
    },
    "nloptr": {
      "Package": "nloptr",
      "Version": "2.2.1",
      "Source": "Repository",
      "Requirements": []
    },
    "nnet": {
      "Package": "nnet",
      "Version": "7.3-20",
      "Source": "Repository",
      "Requirements": [
        "R",
        "stats",
        "utils"
      ]
    },
    "numDeriv": {
      "Package": "numDeriv",
      "Version": "2016.8-1.1",
      "Source": "Repository",
      "Requirements": [
        "R"
      ]
    },
    "officer": {
      "Package": "officer",
      "Version": "0.7.2",
      "Source": "Repository",
      "Requirements": [
        "cli",
        "dplyr",
        "graphics",
        "grDevices",
        "openssl",
        "R6",
        "ragg",
        "stats",
        "tidyr",
        "utils",
        "uuid",
        "xml2",
        "zip"
      ]
    },
    "openssl": {
      "Package": "openssl",
      "Version": "2.3.4",
      "Source": "Repository",
      "Requirements": [
        "askpass"
      ]
    },
    "pbapply": {
      "Package": "pbapply",
      "Version": "1.7-4",
      "Source": "Repository",
      "Requirements": [
        "parallel",
        "R"
      ]
    },
    "pbkrtest": {
      "Package": "pbkrtest",
      "Version": "0.5.5",
      "Source": "Repository",
      "Requirements": [
        "broom",
        "doBy",
        "dplyr",
        "lme4",
        "MASS",
        "Matrix",
        "methods",
        "numDeriv",
        "R"
      ]
    },
    "pillar": {
      "Package": "pillar",
      "Version": "1.11.1",
      "Source": "Repository",
      "Requirements": [
        "cli",
        "glue",
        "lifecycle",
        "rlang",
        "utf8",
        "utils",
        "vctrs"
      ]
    },
    "pkgbuild": {
      "Package": "pkgbuild",
      "Version": "1.4.8",
      "Source": "Repository",
      "Requirements": [
        "callr",
        "cli",
        "desc",
        "processx",
        "R",
        "R6"
      ]
    },
    "pkgconfig": {
      "Package": "pkgconfig",
      "Version": "2.0.3",
      "Source": "Repository",
      "Requirements": [
        "utils"
      ]
    },
    "plotrix": {
      "Package": "plotrix",
      "Version": "3.8-13",
      "Source": "Repository",
      "Requirements": [
        "graphics",
        "grDevices",
        "R",
        "stats",
        "utils"
      ]
    },
    "plyr": {
      "Package": "plyr",
      "Version": "1.8.9",
      "Source": "Repository",
      "Requirements": [
        "R",
        "Rcpp"
      ]
    },
    "processx": {
      "Package": "processx",
      "Version": "3.8.6",
      "Source": "Repository",
      "Requirements": [
        "ps",
        "R",
        "R6",
        "utils"
      ]
    },
    "ps": {
      "Package": "ps",
      "Version": "1.9.1",
      "Source": "Repository",
      "Requirements": [
        "R",
        "utils"
      ]
    },
    "purrr": {
      "Package": "purrr",
      "Version": "1.2.0",
      "Source": "Repository",
      "Requirements": [
        "cli",
        "lifecycle",
        "magrittr",
        "R",
        "rlang",
        "vctrs"
      ]
    },
    "quadprog": {
      "Package": "quadprog",
      "Version": "1.5-8",
      "Source": "Repository",
      "Requirements": [
        "R"
      ]
    },
    "quantmod": {
      "Package": "quantmod",
      "Version": "0.4.28",
      "Source": "Repository",
      "Requirements": [
        "curl",
        "jsonlite",
        "methods",
        "R",
        "TTR",
        "xts",
        "zoo"
      ]
    },
    "quantreg": {
      "Package": "quantreg",
      "Version": "6.1",
      "Source": "Repository",
      "Requirements": [
        "graphics",
        "MASS",
        "Matrix",
        "MatrixModels",
        "methods",
        "R",
        "SparseM",
        "stats",
        "survival"
      ]
    },
    "ragg": {
      "Package": "ragg",
      "Version": "1.5.0",
      "Source": "Repository",
      "Requirements": [
        "systemfonts",
        "textshaping"
      ]
    },
    "rbibutils": {
      "Package": "rbibutils",
      "Version": "2.4",
      "Source": "Repository",
      "Requirements": [
        "R",
        "tools",
        "utils"
      ]
    },
    "reformulas": {
      "Package": "reformulas",
      "Version": "0.4.2",
      "Source": "Repository",
      "Requirements": [
        "Matrix",
        "methods",
        "Rdpack",
        "stats"
      ]
    },
    "rlang": {
      "Package": "rlang",
      "Version": "1.1.6",
      "Source": "Repository",
      "Requirements": [
        "R",
        "utils"
      ]
    },
    "rvg": {
      "Package": "rvg",
      "Version": "0.4.0",
      "Source": "Repository",
      "Requirements": [
        "gdtools",
        "grDevices",
        "officer",
        "R",
        "Rcpp",
        "rlang",
        "systemfonts",
        "xml2"
      ]
    },
    "scales": {
      "Package": "scales",
      "Version": "1.4.0",
      "Source": "Repository",
      "Requirements": [
        "cli",
        "farver",
        "glue",
        "labeling",
        "lifecycle",
        "R",
        "R6",
        "RColorBrewer",
        "rlang",
        "viridisLite"
      ]
    },
    "stringi": {
      "Package": "stringi",
      "Version": "1.8.7",
      "Source": "Repository",
      "Requirements": [
        "R",
        "stats",
        "tools",
        "utils"
      ]
    },
    "stringr": {
      "Package": "stringr",
      "Version": "1.6.0",
      "Source": "Repository",
      "Requirements": [
        "cli",
        "glue",
        "lifecycle",
        "magrittr",
        "R",
        "rlang",
        "stringi",
        "vctrs"
      ]
    },
    "survival": {
      "Package": "survival",
      "Version": "3.8-3",
      "Source": "Repository",
      "Requirements": [
        "graphics",
        "Matrix",
        "methods",
        "splines",
        "stats",
        "utils",
        "R"
      ]
    },
    "svglite": {
      "Package": "svglite",
      "Version": "2.2.2",
      "Source": "Repository",
      "Requirements": [
        "base64enc",
        "cli",
        "cpp11",
        "lifecycle",
        "R",
        "rlang",
        "systemfonts",
        "textshaping"
      ]
    },
    "sys": {
      "Package": "sys",
      "Version": "3.4.3",
      "Source": "Repository",
      "Requirements": []
    },
    "systemfonts": {
      "Package": "systemfonts",
      "Version": "1.3.1",
      "Source": "Repository",
      "Requirements": [
        "base64enc",
        "cpp11",
        "grid",
        "jsonlite",
        "lifecycle",
        "R",
        "tools",
        "utils"
      ]
    },
    "textshaping": {
      "Package": "textshaping",
      "Version": "1.0.4",
      "Source": "Repository",
      "Requirements": [
        "cpp11",
        "lifecycle",
        "R",
        "stats",
        "stringi",
        "systemfonts",
        "utils"
      ]
    },
    "tibble": {
      "Package": "tibble",
      "Version": "3.3.0",
      "Source": "Repository",
      "Requirements": [
        "cli",
        "lifecycle",
        "magrittr",
        "methods",
        "pillar",
        "pkgconfig",
        "R",
        "rlang",
        "utils",
        "vctrs"
      ]
    },
    "tidyr": {
      "Package": "tidyr",
      "Version": "1.3.1",
      "Source": "Repository",
      "Requirements": [
        "cli",
        "cpp11",
        "dplyr",
        "glue",
        "lifecycle",
        "magrittr",
        "purrr",
        "R",
        "rlang",
        "stringr",
        "tibble",
        "tidyselect",
        "utils",
        "vctrs"
      ]
    },
    "tidyselect": {
      "Package": "tidyselect",
      "Version": "1.2.1",
      "Source": "Repository",
      "Requirements": [
        "cli",
        "glue",
        "lifecycle",
        "R",
        "rlang",
        "vctrs",
        "withr"
      ]
    },
    "timeDate": {
      "Package": "timeDate",
      "Version": "4051.111",
      "Source": "Repository",
      "Requirements": [
        "graphics",
        "methods",
        "R",
        "stats",
        "utils"
      ]
    },
    "tseries": {
      "Package": "tseries",
      "Version": "0.10-58",
      "Source": "Repository",
      "Requirements": [
        "graphics",
        "jsonlite",
        "quadprog",
        "quantmod",
        "R",
        "stats",
        "utils",
        "zoo"
      ]
    },
    "urca": {
      "Package": "urca",
      "Version": "1.3-4",
      "Source": "Repository",
      "Requirements": [
        "graphics",
        "methods",
        "nlme",
        "R",
        "stats"
      ]
    },
    "utf8": {
      "Package": "utf8",
      "Version": "1.2.6",
      "Source": "Repository",
      "Requirements": [
        "R"
      ]
    },
    "uuid": {
      "Package": "uuid",
      "Version": "1.2-1",
      "Source": "Repository",
      "Requirements": [
        "R"
      ]
    },
    "vctrs": {
      "Package": "vctrs",
      "Version": "0.6.5",
      "Source": "Repository",
      "Requirements": [
        "cli",
        "glue",
        "lifecycle",
        "R",
        "rlang"
      ]
    },
    "viridisLite": {
      "Package": "viridisLite",
      "Version": "0.4.2",
      "Source": "Repository",
      "Requirements": [
        "R"
      ]
    },
    "withr": {
      "Package": "withr",
      "Version": "3.0.2",
      "Source": "Repository",
      "Requirements": [
        "graphics",
        "grDevices",
        "R"
      ]
    },
    "xml2": {
      "Package": "xml2",
      "Version": "1.5.1",
      "Source": "Repository",
      "Requirements": [
        "cli",
        "methods",
        "R",
        "rlang"
      ]
    },
    "xts": {
      "Package": "xts",
      "Version": "0.14.1",
      "Source": "Repository",
      "Requirements": [
        "methods",
        "R",
        "zoo"
      ]
    },
    "zip": {
      "Package": "zip",
      "Version": "2.3.3",
      "Source": "Repository",
      "Requirements": []
    },
    "zoo": {
      "Package": "zoo",
      "Version": "1.8-14",
      "Source": "Repository",
      "Requirements": [
        "graphics",
        "grDevices",
        "lattice",
        "R",
        "stats",
        "utils"
      ]
    }
  }
}
